
Microsoft Visual Studio Solution File, Format Version 12.00
# Visual Studio Version 17
VisualStudioVersion = 17.6.33815.320
MinimumVisualStudioVersion = 10.0.40219.1
Project("{FAE04EC0-301F-11D3-BF4B-00C04F79EFBC}") = "Discount-Calculation", "Discount-Calculation\Discount-Calculation.csproj", "{10FD7E53-7773-4700-9EA8-054118C1975A}"
EndProject
Global
	GlobalSection(SolutionConfigurationPlatforms) = preSolution
		Debug|Any CPU = Debug|Any CPU
		Release|Any CPU = Release|Any CPU
	EndGlobalSection
	GlobalSection(ProjectConfigurationPlatforms) = postSolution
		{10FD7E53-7773-4700-9EA8-054118C1975A}.Debug|Any CPU.ActiveCfg = Debug|Any CPU
		{10FD7E53-7773-4700-9EA8-054118C1975A}.Debug|Any CPU.Build.0 = Debug|Any CPU
		{10FD7E53-7773-4700-9EA8-054118C1975A}.Release|Any CPU.ActiveCfg = Release|Any CPU
		{10FD7E53-7773-4700-9EA8-054118C1975A}.Release|Any CPU.Build.0 = Release|Any CPU
	EndGlobalSection
	GlobalSection(SolutionProperties) = preSolution
		HideSolutionNode = FALSE
	EndGlobalSection
	GlobalSection(ExtensibilityGlobals) = postSolution
		SolutionGuid = {8EBFE7C7-8F76-4781-BF60-0D6163A0B26C}
	EndGlobalSection
EndGlobal
